// !$*UTF8*$!
{
	archiveVersion = 1;
	classes = {
	};
	objectVersion = 50;
	objects = {

/* Begin PBXBuildFile section */
		117F491223B2039500E42D33 /* AppDelegate.m in Sources */ = {isa = PBXBuildFile; fileRef = 117F491123B2039500E42D33 /* AppDelegate.m */; };
		117F491523B2039500E42D33 /* SceneDelegate.m in Sources */ = {isa = PBXBuildFile; fileRef = 117F491423B2039500E42D33 /* SceneDelegate.m */; };
		117F491823B2039500E42D33 /* ViewController.m in Sources */ = {isa = PBXBuildFile; fileRef = 117F491723B2039500E42D33 /* ViewController.m */; };
		117F491B23B2039500E42D33 /* Main.storyboard in Resources */ = {isa = PBXBuildFile; fileRef = 117F491923B2039500E42D33 /* Main.storyboard */; };
		117F491D23B2039700E42D33 /* Assets.xcassets in Resources */ = {isa = PBXBuildFile; fileRef = 117F491C23B2039700E42D33 /* Assets.xcassets */; };
		117F492023B2039700E42D33 /* LaunchScreen.storyboard in Resources */ = {isa = PBXBuildFile; fileRef = 117F491E23B2039700E42D33 /* LaunchScreen.storyboard */; };
		117F492323B2039700E42D33 /* main.m in Sources */ = {isa = PBXBuildFile; fileRef = 117F492223B2039700E42D33 /* main.m */; };
		117F492B23B203F900E42D33 /* RadarGraphView.m in Sources */ = {isa = PBXBuildFile; fileRef = 117F492A23B203F900E42D33 /* RadarGraphView.m */; };
/* End PBXBuildFile section */

/* Begin PBXFileReference section */
		117F490D23B2039500E42D33 /* RadarGraphDemo.app */ = {isa = PBXFileReference; explicitFileType = wrapper.application; includeInIndex = 0; path = RadarGraphDemo.app; sourceTree = BUILT_PRODUCTS_DIR; };
		117F491023B2039500E42D33 /* AppDelegate.h */ = {isa = PBXFileReference; lastKnownFileType = sourcecode.c.h; path = AppDelegate.h; sourceTree = "<group>"; };
		117F491123B2039500E42D33 /* AppDelegate.m */ = {isa = PBXFileReference; lastKnownFileType = sourcecode.c.objc; path = AppDelegate.m; sourceTree = "<group>"; };
		117F491323B2039500E42D33 /* SceneDelegate.h */ = {isa = PBXFileReference; lastKnownFileType = sourcecode.c.h; path = SceneDelegate.h; sourceTree = "<group>"; };
		117F491423B2039500E42D33 /* SceneDelegate.m */ = {isa = PBXFileReference; lastKnownFileType = sourcecode.c.objc; path = SceneDelegate.m; sourceTree = "<group>"; };
		117F491623B2039500E42D33 /* ViewController.h */ = {isa = PBXFileReference; lastKnownFileType = sourcecode.c.h; path = ViewController.h; sourceTree = "<group>"; };
		117F491723B2039500E42D33 /* ViewController.m */ = {isa = PBXFileReference; lastKnownFileType = sourcecode.c.objc; path = ViewController.m; sourceTree = "<group>"; };
		117F491A23B2039500E42D33 /* Base */ = {isa = PBXFileReference; lastKnownFileType = file.storyboard; name = Base; path = Base.lproj/Main.storyboard; sourceTree = "<group>"; };
		117F491C23B2039700E42D33 /* Assets.xcassets */ = {isa = PBXFileReference; lastKnownFileType = folder.assetcatalog; path = Assets.xcassets; sourceTree = "<group>"; };
		117F491F23B2039700E42D33 /* Base */ = {isa = PBXFileReference; lastKnownFileType = file.storyboard; name = Base; path = Base.lproj/LaunchScreen.storyboard; sourceTree = "<group>"; };
		117F492123B2039700E42D33 /* Info.plist */ = {isa = PBXFileReference; lastKnownFileType = text.plist.xml; path = Info.plist; sourceTree = "<group>"; };
		117F492223B2039700E42D33 /* main.m */ = {isa = PBXFileReference; lastKnownFileType = sourcecode.c.objc; path = main.m; sourceTree = "<group>"; };
		117F492923B203F900E42D33 /* RadarGraphView.h */ = {isa = PBXFileReference; lastKnownFileType = sourcecode.c.h; path = RadarGraphView.h; sourceTree = "<group>"; };
		117F492A23B203F900E42D33 /* RadarGraphView.m */ = {isa = PBXFileReference; lastKnownFileType = sourcecode.c.objc; path = RadarGraphView.m; sourceTree = "<group>"; };
/* End PBXFileReference section */

/* Begin PBXFrameworksBuildPhase section */
		117F490A23B2039500E42D33 /* Frameworks */ = {
			isa = PBXFrameworksBuildPhase;
			buildActionMask = 2147483647;
			files = (
			);
			runOnlyForDeploymentPostprocessing = 0;
		};
/* End PBXFrameworksBuildPhase section */

/* Begin PBXGroup section */
		117F490423B2039500E42D33 = {
			isa = PBXGroup;
			children = (
				117F490F23B2039500E42D33 /* RadarGraphDemo */,
				117F490E23B2039500E42D33 /* Products */,
			);
			sourceTree = "<group>";
		};
		117F490E23B2039500E42D33 /* Products */ = {
			isa = PBXGroup;
			children = (
				117F490D23B2039500E42D33 /* RadarGraphDemo.app */,
			);
			name = Products;
			sourceTree = "<group>";
		};
		117F490F23B2039500E42D33 /* RadarGraphDemo */ = {
			isa = PBXGroup;
			children = (
				117F491023B2039500E42D33 /* AppDelegate.h */,
				117F491123B2039500E42D33 /* AppDelegate.m */,
				117F491323B2039500E42D33 /* SceneDelegate.h */,
				117F491423B2039500E42D33 /* SceneDelegate.m */,
				117F491623B2039500E42D33 /* ViewController.h */,
				117F491723B2039500E42D33 /* ViewController.m */,
				117F492923B203F900E42D33 /* RadarGraphView.h */,
				117F492A23B203F900E42D33 /* RadarGraphView.m */,
				117F491923B2039500E42D33 /* Main.storyboard */,
				117F491C23B2039700E42D33 /* Assets.xcassets */,
				117F491E23B2039700E42D33 /* LaunchScreen.storyboard */,
				117F492123B2039700E42D33 /* Info.plist */,
				117F492223B2039700E42D33 /* main.m */,
			);
			path = RadarGraphDemo;
			sourceTree = "<group>";
		};
/* End PBXGroup section */

/* Begin PBXNativeTarget section */
		117F490C23B2039500E42D33 /* RadarGraphDemo */ = {
			isa = PBXNativeTarget;
			buildConfigurationList = 117F492623B2039700E42D33 /* Build configuration list for PBXNativeTarget "RadarGraphDemo" */;
			buildPhases = (
				117F490923B2039500E42D33 /* Sources */,
				117F490A23B2039500E42D33 /* Frameworks */,
				117F490B23B2039500E42D33 /* Resources */,
			);
			buildRules = (
			);
			dependencies = (
			);
			name = RadarGraphDemo;
			productName = RadarGraphDemo;
			productReference = 117F490D23B2039500E42D33 /* RadarGraphDemo.app */;
			productType = "com.apple.product-type.application";
		};
/* End PBXNativeTarget section */

/* Begin PBXProject section */
		117F490523B2039500E42D33 /* Project object */ = {
			isa = PBXProject;
			attributes = {
				LastUpgradeCheck = 1130;
				ORGANIZATIONNAME = "April Young";
				TargetAttributes = {
					117F490C23B2039500E42D33 = {
						CreatedOnToolsVersion = 11.3;
					};
				};
			};
			buildConfigurationList = 117F490823B2039500E42D33 /* Build configuration list for PBXProject "RadarGraphDemo" */;
			compatibilityVersion = "Xcode 9.3";
			developmentRegion = en;
			hasScannedForEncodings = 0;
			knownRegions = (
				en,
				Base,
			);
			mainGroup = 117F490423B2039500E42D33;
			productRefGroup = 117F490E23B2039500E42D33 /* Products */;
			projectDirPath = "";
			projectRoot = "";
			targets = (
				117F490C23B2039500E42D33 /* RadarGraphDemo */,
			);
		};
/* End PBXProject section */

/* Begin PBXResourcesBuildPhase section */
		117F490B23B2039500E42D33 /* Resources */ = {
			isa = PBXResourcesBuildPhase;
			buildActionMask = 2147483647;
			files = (
				117F492023B2039700E42D33 /* LaunchScreen.storyboard in Resources */,
				117F491D23B2039700E42D33 /* Assets.xcassets in Resources */,
				117F491B23B2039500E42D33 /* Main.storyboard in Resources */,
			);
			runOnlyForDeploymentPostprocessing = 0;
		};
/* End PBXResourcesBuildPhase section */

/* Begin PBXSourcesBuildPhase section */
		117F490923B2039500E42D33 /* Sources */ = {
			isa = PBXSourcesBuildPhase;
			buildActionMask = 2147483647;
			files = (
				117F491823B2039500E42D33 /* ViewController.m in Sources */,
				117F491223B2039500E42D33 /* AppDelegate.m in Sources */,
				117F492323B2039700E42D33 /* main.m in Sources */,
				117F492B23B203F900E42D33 /* RadarGraphView.m in Sources */,
				117F491523B2039500E42D33 /* SceneDelegate.m in Sources */,
			);
			runOnlyForDeploymentPostprocessing = 0;
		};
/* End PBXSourcesBuildPhase section */

/* Begin PBXVariantGroup section */
		117F491923B2039500E42D33 /* Main.storyboard */ = {
			isa = PBXVariantGroup;
			children = (
				117F491A23B2039500E42D33 /* Base */,
			);
			name = Main.storyboard;
			sourceTree = "<group>";
		};
		117F491E23B2039700E42D33 /* LaunchScreen.storyboard */ = {
			isa = PBXVariantGroup;
			children = (
				117F491F23B2039700E42D33 /* Base */,
			);
			name = LaunchScreen.storyboard;
			sourceTree = "<group>";
		};
/* End PBXVariantGroup section */

/* Begin XCBuildConfiguration section */
		117F492423B2039700E42D33 /* Debug */ = {
			isa = XCBuildConfiguration;
			buildSettings = {
				ALWAYS_SEARCH_USER_PATHS = NO;
				CLANG_ANALYZER_NONNULL = YES;
				CLANG_ANALYZER_NUMBER_OBJECT_CONVERSION = YES_AGGRESSIVE;
				CLANG_CXX_LANGUAGE_STANDARD = "gnu++14";
				CLANG_CXX_LIBRARY = "libc++";
				CLANG_ENABLE_MODULES = YES;
				CLANG_ENABLE_OBJC_ARC = YES;
				CLANG_ENABLE_OBJC_WEAK = YES;
				CLANG_WARN_BLOCK_CAPTURE_AUTORELEASING = YES;
				CLANG_WARN_BOOL_CONVERSION = YES;
				CLANG_WARN_COMMA = YES;
				CLANG_WARN_CONSTANT_CONVERSION = YES;
				CLANG_WARN_DEPRECATED_OBJC_IMPLEMENTATIONS = YES;
				CLANG_WARN_DIRECT_OBJC_ISA_USAGE = YES_ERROR;
				CLANG_WARN_DOCUMENTATION_COMMENTS = YES;
				CLANG_WARN_EMPTY_BODY = YES;
				CLANG_WARN_ENUM_CONVERSION = YES;
				CLANG_WARN_INFINITE_RECURSION = YES;
				CLANG_WARN_INT_CONVERSION = YES;
				CLANG_WARN_NON_LITERAL_NULL_CONVERSION = YES;
				CLANG_WARN_OBJC_IMPLICIT_RETAIN_SELF = YES;
				CLANG_WARN_OBJC_LITERAL_CONVERSION = YES;
				CLANG_WARN_OBJC_ROOT_CLASS = YES_ERROR;
				CLANG_WARN_RANGE_LOOP_ANALYSIS = YES;
				CLANG_WARN_STRICT_PROTOTYPES = YES;
				CLANG_WARN_SUSPICIOUS_MOVE = YES;
				CLANG_WARN_UNGUARDED_AVAILABILITY = YES_AGGRESSIVE;
				CLANG_WARN_UNREACHABLE_CODE = YES;
				CLANG_WARN__DUPLICATE_METHOD_MATCH = YES;
				COPY_PHASE_STRIP = NO;
				DEBUG_INFORMATION_FORMAT = dwarf;
				ENABLE_STRICT_OBJC_MSGSEND = YES;
				ENABLE_TESTABILITY = YES;
				GCC_C_LANGUAGE_STANDARD = gnu11;
				GCC_DYNAMIC_NO_PIC = NO;
				GCC_NO_COMMON_BLOCKS = YES;
				GCC_OPTIMIZATION_LEVEL = 0;
				GCC_PREPROCESSOR_DEFINITIONS = (
					"DEBUG=1",
					"$(inherited)",
				);
				GCC_WARN_64_TO_32_BIT_CONVERSION = YES;
				GCC_WARN_ABOUT_RETURN_TYPE = YES_ERROR;
				GCC_WARN_UNDECLARED_SELECTOR = YES;
				GCC_WARN_UNINITIALIZED_AUTOS = YES_AGGRESSIVE;
				GCC_WARN_UNUSED_FUNCTION = YES;
				GCC_WARN_UNUSED_VARIABLE = YES;
				IPHONEOS_DEPLOYMENT_TARGET = 13.2;
				MTL_ENABLE_DEBUG_INFO = INCLUDE_SOURCE;
				MTL_FAST_MATH = YES;
				ONLY_ACTIVE_ARCH = YES;
				SDKROOT = iphoneos;
			};
			name = Debug;
		};
		117F492523B2039700E42D33 /* Release */ = {
			isa = XCBuildConfiguration;
			buildSettings = {
				ALWAYS_SEARCH_USER_PATHS = NO;
				CLANG_ANALYZER_NONNULL = YES;
				CLANG_ANALYZER_NUMBER_OBJECT_CONVERSION = YES_AGGRESSIVE;
				CLANG_CXX_LANGUAGE_STANDARD = "gnu++14";
				CLANG_CXX_LIBRARY = "libc++";
				CLANG_ENABLE_MODULES = YES;
				CLANG_ENABLE_OBJC_ARC = YES;
				CLANG_ENABLE_OBJC_WEAK = YES;
				CLANG_WARN_BLOCK_CAPTURE_AUTORELEASING = YES;
				CLANG_WARN_BOOL_CONVERSION = YES;
				CLANG_WARN_COMMA = YES;
				CLANG_WARN_CONSTANT_CONVERSION = YES;
				CLANG_WARN_DEPRECATED_OBJC_IMPLEMENTATIONS = YES;
				CLANG_WARN_DIRECT_OBJC_ISA_USAGE = YES_ERROR;
				CLANG_WARN_DOCUMENTATION_COMMENTS = YES;
				CLANG_WARN_EMPTY_BODY = YES;
				CLANG_WARN_ENUM_CONVERSION = YES;
				CLANG_WARN_INFINITE_RECURSION = YES;
				CLANG_WARN_INT_CONVERSION = YES;
				CLANG_WARN_NON_LITERAL_NULL_CONVERSION = YES;
				CLANG_WARN_OBJC_IMPLICIT_RETAIN_SELF = YES;
				CLANG_WARN_OBJC_LITERAL_CONVERSION = YES;
				CLANG_WARN_OBJC_ROOT_CLASS = YES_ERROR;
				CLANG_WARN_RANGE_LOOP_ANALYSIS = YES;
				CLANG_WARN_STRICT_PROTOTYPES = YES;
				CLANG_WARN_SUSPICIOUS_MOVE = YES;
				CLANG_WARN_UNGUARDED_AVAILABILITY = YES_AGGRESSIVE;
				CLANG_WARN_UNREACHABLE_CODE = YES;
				CLANG_WARN__DUPLICATE_METHOD_MATCH = YES;
				COPY_PHASE_STRIP = NO;
				DEBUG_INFORMATION_FORMAT = "dwarf-with-dsym";
				ENABLE_NS_ASSERTIONS = NO;
				ENABLE_STRICT_OBJC_MSGSEND = YES;
				GCC_C_LANGUAGE_STANDARD = gnu11;
				GCC_NO_COMMON_BLOCKS = YES;
				GCC_WARN_64_TO_32_BIT_CONVERSION = YES;
				GCC_WARN_ABOUT_RETURN_TYPE = YES_ERROR;
				GCC_WARN_UNDECLARED_SELECTOR = YES;
				GCC_WARN_UNINITIALIZED_AUTOS = YES_AGGRESSIVE;
				GCC_WARN_UNUSED_FUNCTION = YES;
				GCC_WARN_UNUSED_VARIABLE = YES;
				IPHONEOS_DEPLOYMENT_TARGET = 13.2;
				MTL_ENABLE_DEBUG_INFO = NO;
				MTL_FAST_MATH = YES;
				SDKROOT = iphoneos;
				VALIDATE_PRODUCT = YES;
			};
			name = Release;
		};
		117F492723B2039700E42D33 /* Debug */ = {
			isa = XCBuildConfiguration;
			buildSettings = {
				ASSETCATALOG_COMPILER_APPICON_NAME = AppIcon;
				CODE_SIGN_STYLE = Automatic;
				DEVELOPMENT_TEAM = K8JX55NZQ5;
				INFOPLIST_FILE = RadarGraphDemo/Info.plist;
				LD_RUNPATH_SEARCH_PATHS = (
					"$(inherited)",
					"@executable_path/Frameworks",
				);
				PRODUCT_BUNDLE_IDENTIFIER = AY.RadarGraphDemo;
				PRODUCT_NAME = "$(TARGET_NAME)";
				TARGETED_DEVICE_FAMILY = "1,2";
			};
			name = Debug;
		};
		117F492823B2039700E42D33 /* Release */ = {
			isa = XCBuildConfiguration;
			buildSettings = {
				ASSETCATALOG_COMPILER_APPICON_NAME = AppIcon;
				CODE_SIGN_STYLE = Automatic;
				DEVELOPMENT_TEAM = K8JX55NZQ5;
				INFOPLIST_FILE = RadarGraphDemo/Info.plist;
				LD_RUNPATH_SEARCH_PATHS = (
					"$(inherited)",
					"@executable_path/Frameworks",
				);
				PRODUCT_BUNDLE_IDENTIFIER = AY.RadarGraphDemo;
				PRODUCT_NAME = "$(TARGET_NAME)";
				TARGETED_DEVICE_FAMILY = "1,2";
			};
			name = Release;
		};
/* End XCBuildConfiguration section */

/* Begin XCConfigurationList section */
		117F490823B2039500E42D33 /* Build configuration list for PBXProject "RadarGraphDemo" */ = {
			isa = XCConfigurationList;
			buildConfigurations = (
				117F492423B2039700E42D33 /* Debug */,
				117F492523B2039700E42D33 /* Release */,
			);
			defaultConfigurationIsVisible = 0;
			defaultConfigurationName = Release;
		};
		117F492623B2039700E42D33 /* Build configuration list for PBXNativeTarget "RadarGraphDemo" */ = {
			isa = XCConfigurationList;
			buildConfigurations = (
				117F492723B2039700E42D33 /* Debug */,
				117F492823B2039700E42D33 /* Release */,
			);
			defaultConfigurationIsVisible = 0;
			defaultConfigurationName = Release;
		};
/* End XCConfigurationList section */
	};
	rootObject = 117F490523B2039500E42D33 /* Project object */;
}
